// !$*UTF8*$!
{
	archiveVersion = 1;
	classes = {
	};
	objectVersion = 55;
	objects = {

/* Begin PBXBuildFile section */
		1428AB0228CC1DB4005AE6E6 /* AppDelegate.swift in Sources */ = {isa = PBXBuildFile; fileRef = 1428AB0128CC1DB4005AE6E6 /* AppDelegate.swift */; };
		1428AB0428CC1DB4005AE6E6 /* SceneDelegate.swift in Sources */ = {isa = PBXBuildFile; fileRef = 1428AB0328CC1DB4005AE6E6 /* SceneDelegate.swift */; };
		1428AB0628CC1DB4005AE6E6 /* View.swift in Sources */ = {isa = PBXBuildFile; fileRef = 1428AB0528CC1DB4005AE6E6 /* View.swift */; };
		1428AB0B28CC1DB9005AE6E6 /* Assets.xcassets in Resources */ = {isa = PBXBuildFile; fileRef = 1428AB0A28CC1DB9005AE6E6 /* Assets.xcassets */; };
		1428AB0E28CC1DB9005AE6E6 /* LaunchScreen.storyboard in Resources */ = {isa = PBXBuildFile; fileRef = 1428AB0C28CC1DB9005AE6E6 /* LaunchScreen.storyboard */; };
		1428AB1828CC1EDB005AE6E6 /* Assets.swift in Sources */ = {isa = PBXBuildFile; fileRef = 1428AB1728CC1EDB005AE6E6 /* Assets.swift */; };
		1428AB1A28CC20C7005AE6E6 /* UIViewExtension.swift in Sources */ = {isa = PBXBuildFile; fileRef = 1428AB1928CC20C7005AE6E6 /* UIViewExtension.swift */; };
		1428AB1C28CC2155005AE6E6 /* Cell.swift in Sources */ = {isa = PBXBuildFile; fileRef = 1428AB1B28CC2155005AE6E6 /* Cell.swift */; };
		1428AB1E28CC2A42005AE6E6 /* ViewModel.swift in Sources */ = {isa = PBXBuildFile; fileRef = 1428AB1D28CC2A42005AE6E6 /* ViewModel.swift */; };
/* End PBXBuildFile section */

/* Begin PBXFileReference section */
		1428AAFE28CC1DB4005AE6E6 /* JokenpoApp.app */ = {isa = PBXFileReference; explicitFileType = wrapper.application; includeInIndex = 0; path = JokenpoApp.app; sourceTree = BUILT_PRODUCTS_DIR; };
		1428AB0128CC1DB4005AE6E6 /* AppDelegate.swift */ = {isa = PBXFileReference; lastKnownFileType = sourcecode.swift; path = AppDelegate.swift; sourceTree = "<group>"; };
		1428AB0328CC1DB4005AE6E6 /* SceneDelegate.swift */ = {isa = PBXFileReference; lastKnownFileType = sourcecode.swift; path = SceneDelegate.swift; sourceTree = "<group>"; };
		1428AB0528CC1DB4005AE6E6 /* View.swift */ = {isa = PBXFileReference; lastKnownFileType = sourcecode.swift; path = View.swift; sourceTree = "<group>"; };
		1428AB0A28CC1DB9005AE6E6 /* Assets.xcassets */ = {isa = PBXFileReference; lastKnownFileType = folder.assetcatalog; path = Assets.xcassets; sourceTree = "<group>"; };
		1428AB0D28CC1DB9005AE6E6 /* Base */ = {isa = PBXFileReference; lastKnownFileType = file.storyboard; name = Base; path = Base.lproj/LaunchScreen.storyboard; sourceTree = "<group>"; };
		1428AB0F28CC1DB9005AE6E6 /* Info.plist */ = {isa = PBXFileReference; lastKnownFileType = text.plist.xml; path = Info.plist; sourceTree = "<group>"; };
		1428AB1728CC1EDB005AE6E6 /* Assets.swift */ = {isa = PBXFileReference; lastKnownFileType = sourcecode.swift; path = Assets.swift; sourceTree = "<group>"; };
		1428AB1928CC20C7005AE6E6 /* UIViewExtension.swift */ = {isa = PBXFileReference; lastKnownFileType = sourcecode.swift; path = UIViewExtension.swift; sourceTree = "<group>"; };
		1428AB1B28CC2155005AE6E6 /* Cell.swift */ = {isa = PBXFileReference; lastKnownFileType = sourcecode.swift; path = Cell.swift; sourceTree = "<group>"; };
		1428AB1D28CC2A42005AE6E6 /* ViewModel.swift */ = {isa = PBXFileReference; lastKnownFileType = sourcecode.swift; path = ViewModel.swift; sourceTree = "<group>"; };
/* End PBXFileReference section */

/* Begin PBXFrameworksBuildPhase section */
		1428AAFB28CC1DB4005AE6E6 /* Frameworks */ = {
			isa = PBXFrameworksBuildPhase;
			buildActionMask = 2147483647;
			files = (
			);
			runOnlyForDeploymentPostprocessing = 0;
		};
/* End PBXFrameworksBuildPhase section */

/* Begin PBXGroup section */
		1428AAF528CC1DB4005AE6E6 = {
			isa = PBXGroup;
			children = (
				1428AB0028CC1DB4005AE6E6 /* JokenpoApp */,
				1428AAFF28CC1DB4005AE6E6 /* Products */,
			);
			sourceTree = "<group>";
		};
		1428AAFF28CC1DB4005AE6E6 /* Products */ = {
			isa = PBXGroup;
			children = (
				1428AAFE28CC1DB4005AE6E6 /* JokenpoApp.app */,
			);
			name = Products;
			sourceTree = "<group>";
		};
		1428AB0028CC1DB4005AE6E6 /* JokenpoApp */ = {
			isa = PBXGroup;
			children = (
				1428AB1628CC1ECC005AE6E6 /* AppUtils */,
				1428AB1528CC1E2C005AE6E6 /* AppDelegate */,
				1428AB0528CC1DB4005AE6E6 /* View.swift */,
				1428AB1D28CC2A42005AE6E6 /* ViewModel.swift */,
				1428AB1B28CC2155005AE6E6 /* Cell.swift */,
				1428AB0C28CC1DB9005AE6E6 /* LaunchScreen.storyboard */,
				1428AB0F28CC1DB9005AE6E6 /* Info.plist */,
			);
			path = JokenpoApp;
			sourceTree = "<group>";
		};
		1428AB1528CC1E2C005AE6E6 /* AppDelegate */ = {
			isa = PBXGroup;
			children = (
				1428AB0128CC1DB4005AE6E6 /* AppDelegate.swift */,
				1428AB0328CC1DB4005AE6E6 /* SceneDelegate.swift */,
			);
			path = AppDelegate;
			sourceTree = "<group>";
		};
		1428AB1628CC1ECC005AE6E6 /* AppUtils */ = {
			isa = PBXGroup;
			children = (
				1428AB1728CC1EDB005AE6E6 /* Assets.swift */,
				1428AB0A28CC1DB9005AE6E6 /* Assets.xcassets */,
				1428AB1928CC20C7005AE6E6 /* UIViewExtension.swift */,
			);
			path = AppUtils;
			sourceTree = "<group>";
		};
/* End PBXGroup section */

/* Begin PBXNativeTarget section */
		1428AAFD28CC1DB4005AE6E6 /* JokenpoApp */ = {
			isa = PBXNativeTarget;
			buildConfigurationList = 1428AB1228CC1DB9005AE6E6 /* Build configuration list for PBXNativeTarget "JokenpoApp" */;
			buildPhases = (
				1428AAFA28CC1DB4005AE6E6 /* Sources */,
				1428AAFB28CC1DB4005AE6E6 /* Frameworks */,
				1428AAFC28CC1DB4005AE6E6 /* Resources */,
			);
			buildRules = (
			);
			dependencies = (
			);
			name = JokenpoApp;
			productName = JokenpoApp;
			productReference = 1428AAFE28CC1DB4005AE6E6 /* JokenpoApp.app */;
			productType = "com.apple.product-type.application";
		};
/* End PBXNativeTarget section */

/* Begin PBXProject section */
		1428AAF628CC1DB4005AE6E6 /* Project object */ = {
			isa = PBXProject;
			attributes = {
				BuildIndependentTargetsInParallel = 1;
				LastSwiftUpdateCheck = 1340;
				LastUpgradeCheck = 1340;
				TargetAttributes = {
					1428AAFD28CC1DB4005AE6E6 = {
						CreatedOnToolsVersion = 13.4.1;
					};
				};
			};
			buildConfigurationList = 1428AAF928CC1DB4005AE6E6 /* Build configuration list for PBXProject "JokenpoApp" */;
			compatibilityVersion = "Xcode 13.0";
			developmentRegion = en;
			hasScannedForEncodings = 0;
			knownRegions = (
				en,
				Base,
			);
			mainGroup = 1428AAF528CC1DB4005AE6E6;
			productRefGroup = 1428AAFF28CC1DB4005AE6E6 /* Products */;
			projectDirPath = "";
			projectRoot = "";
			targets = (
				1428AAFD28CC1DB4005AE6E6 /* JokenpoApp */,
			);
		};
/* End PBXProject section */

/* Begin PBXResourcesBuildPhase section */
		1428AAFC28CC1DB4005AE6E6 /* Resources */ = {
			isa = PBXResourcesBuildPhase;
			buildActionMask = 2147483647;
			files = (
				1428AB0E28CC1DB9005AE6E6 /* LaunchScreen.storyboard in Resources */,
				1428AB0B28CC1DB9005AE6E6 /* Assets.xcassets in Resources */,
			);
			runOnlyForDeploymentPostprocessing = 0;
		};
/* End PBXResourcesBuildPhase section */

/* Begin PBXSourcesBuildPhase section */
		1428AAFA28CC1DB4005AE6E6 /* Sources */ = {
			isa = PBXSourcesBuildPhase;
			buildActionMask = 2147483647;
			files = (
				1428AB1A28CC20C7005AE6E6 /* UIViewExtension.swift in Sources */,
				1428AB0628CC1DB4005AE6E6 /* View.swift in Sources */,
				1428AB0228CC1DB4005AE6E6 /* AppDelegate.swift in Sources */,
				1428AB1828CC1EDB005AE6E6 /* Assets.swift in Sources */,
				1428AB0428CC1DB4005AE6E6 /* SceneDelegate.swift in Sources */,
				1428AB1C28CC2155005AE6E6 /* Cell.swift in Sources */,
				1428AB1E28CC2A42005AE6E6 /* ViewModel.swift in Sources */,
			);
			runOnlyForDeploymentPostprocessing = 0;
		};
/* End PBXSourcesBuildPhase section */

/* Begin PBXVariantGroup section */
		1428AB0C28CC1DB9005AE6E6 /* LaunchScreen.storyboard */ = {
			isa = PBXVariantGroup;
			children = (
				1428AB0D28CC1DB9005AE6E6 /* Base */,
			);
			name = LaunchScreen.storyboard;
			sourceTree = "<group>";
		};
/* End PBXVariantGroup section */

/* Begin XCBuildConfiguration section */
		1428AB1028CC1DB9005AE6E6 /* Debug */ = {
			isa = XCBuildConfiguration;
			buildSettings = {
				ALWAYS_SEARCH_USER_PATHS = NO;
				CLANG_ANALYZER_NONNULL = YES;
				CLANG_ANALYZER_NUMBER_OBJECT_CONVERSION = YES_AGGRESSIVE;
				CLANG_CXX_LANGUAGE_STANDARD = "gnu++17";
				CLANG_ENABLE_MODULES = YES;
				CLANG_ENABLE_OBJC_ARC = YES;
				CLANG_ENABLE_OBJC_WEAK = YES;
				CLANG_WARN_BLOCK_CAPTURE_AUTORELEASING = YES;
				CLANG_WARN_BOOL_CONVERSION = YES;
				CLANG_WARN_COMMA = YES;
				CLANG_WARN_CONSTANT_CONVERSION = YES;
				CLANG_WARN_DEPRECATED_OBJC_IMPLEMENTATIONS = YES;
				CLANG_WARN_DIRECT_OBJC_ISA_USAGE = YES_ERROR;
				CLANG_WARN_DOCUMENTATION_COMMENTS = YES;
				CLANG_WARN_EMPTY_BODY = YES;
				CLANG_WARN_ENUM_CONVERSION = YES;
				CLANG_WARN_INFINITE_RECURSION = YES;
				CLANG_WARN_INT_CONVERSION = YES;
				CLANG_WARN_NON_LITERAL_NULL_CONVERSION = YES;
				CLANG_WARN_OBJC_IMPLICIT_RETAIN_SELF = YES;
				CLANG_WARN_OBJC_LITERAL_CONVERSION = YES;
				CLANG_WARN_OBJC_ROOT_CLASS = YES_ERROR;
				CLANG_WARN_QUOTED_INCLUDE_IN_FRAMEWORK_HEADER = YES;
				CLANG_WARN_RANGE_LOOP_ANALYSIS = YES;
				CLANG_WARN_STRICT_PROTOTYPES = YES;
				CLANG_WARN_SUSPICIOUS_MOVE = YES;
				CLANG_WARN_UNGUARDED_AVAILABILITY = YES_AGGRESSIVE;
				CLANG_WARN_UNREACHABLE_CODE = YES;
				CLANG_WARN__DUPLICATE_METHOD_MATCH = YES;
				COPY_PHASE_STRIP = NO;
				DEBUG_INFORMATION_FORMAT = dwarf;
				ENABLE_STRICT_OBJC_MSGSEND = YES;
				ENABLE_TESTABILITY = YES;
				GCC_C_LANGUAGE_STANDARD = gnu11;
				GCC_DYNAMIC_NO_PIC = NO;
				GCC_NO_COMMON_BLOCKS = YES;
				GCC_OPTIMIZATION_LEVEL = 0;
				GCC_PREPROCESSOR_DEFINITIONS = (
					"DEBUG=1",
					"$(inherited)",
				);
				GCC_WARN_64_TO_32_BIT_CONVERSION = YES;
				GCC_WARN_ABOUT_RETURN_TYPE = YES_ERROR;
				GCC_WARN_UNDECLARED_SELECTOR = YES;
				GCC_WARN_UNINITIALIZED_AUTOS = YES_AGGRESSIVE;
				GCC_WARN_UNUSED_FUNCTION = YES;
				GCC_WARN_UNUSED_VARIABLE = YES;
				IPHONEOS_DEPLOYMENT_TARGET = 15.5;
				MTL_ENABLE_DEBUG_INFO = INCLUDE_SOURCE;
				MTL_FAST_MATH = YES;
				ONLY_ACTIVE_ARCH = YES;
				SDKROOT = iphoneos;
				SWIFT_ACTIVE_COMPILATION_CONDITIONS = DEBUG;
				SWIFT_OPTIMIZATION_LEVEL = "-Onone";
			};
			name = Debug;
		};
		1428AB1128CC1DB9005AE6E6 /* Release */ = {
			isa = XCBuildConfiguration;
			buildSettings = {
				ALWAYS_SEARCH_USER_PATHS = NO;
				CLANG_ANALYZER_NONNULL = YES;
				CLANG_ANALYZER_NUMBER_OBJECT_CONVERSION = YES_AGGRESSIVE;
				CLANG_CXX_LANGUAGE_STANDARD = "gnu++17";
				CLANG_ENABLE_MODULES = YES;
				CLANG_ENABLE_OBJC_ARC = YES;
				CLANG_ENABLE_OBJC_WEAK = YES;
				CLANG_WARN_BLOCK_CAPTURE_AUTORELEASING = YES;
				CLANG_WARN_BOOL_CONVERSION = YES;
				CLANG_WARN_COMMA = YES;
				CLANG_WARN_CONSTANT_CONVERSION = YES;
				CLANG_WARN_DEPRECATED_OBJC_IMPLEMENTATIONS = YES;
				CLANG_WARN_DIRECT_OBJC_ISA_USAGE = YES_ERROR;
				CLANG_WARN_DOCUMENTATION_COMMENTS = YES;
				CLANG_WARN_EMPTY_BODY = YES;
				CLANG_WARN_ENUM_CONVERSION = YES;
				CLANG_WARN_INFINITE_RECURSION = YES;
				CLANG_WARN_INT_CONVERSION = YES;
				CLANG_WARN_NON_LITERAL_NULL_CONVERSION = YES;
				CLANG_WARN_OBJC_IMPLICIT_RETAIN_SELF = YES;
				CLANG_WARN_OBJC_LITERAL_CONVERSION = YES;
				CLANG_WARN_OBJC_ROOT_CLASS = YES_ERROR;
				CLANG_WARN_QUOTED_INCLUDE_IN_FRAMEWORK_HEADER = YES;
				CLANG_WARN_RANGE_LOOP_ANALYSIS = YES;
				CLANG_WARN_STRICT_PROTOTYPES = YES;
				CLANG_WARN_SUSPICIOUS_MOVE = YES;
				CLANG_WARN_UNGUARDED_AVAILABILITY = YES_AGGRESSIVE;
				CLANG_WARN_UNREACHABLE_CODE = YES;
				CLANG_WARN__DUPLICATE_METHOD_MATCH = YES;
				COPY_PHASE_STRIP = NO;
				DEBUG_INFORMATION_FORMAT = "dwarf-with-dsym";
				ENABLE_NS_ASSERTIONS = NO;
				ENABLE_STRICT_OBJC_MSGSEND = YES;
				GCC_C_LANGUAGE_STANDARD = gnu11;
				GCC_NO_COMMON_BLOCKS = YES;
				GCC_WARN_64_TO_32_BIT_CONVERSION = YES;
				GCC_WARN_ABOUT_RETURN_TYPE = YES_ERROR;
				GCC_WARN_UNDECLARED_SELECTOR = YES;
				GCC_WARN_UNINITIALIZED_AUTOS = YES_AGGRESSIVE;
				GCC_WARN_UNUSED_FUNCTION = YES;
				GCC_WARN_UNUSED_VARIABLE = YES;
				IPHONEOS_DEPLOYMENT_TARGET = 15.5;
				MTL_ENABLE_DEBUG_INFO = NO;
				MTL_FAST_MATH = YES;
				SDKROOT = iphoneos;
				SWIFT_COMPILATION_MODE = wholemodule;
				SWIFT_OPTIMIZATION_LEVEL = "-O";
				VALIDATE_PRODUCT = YES;
			};
			name = Release;
		};
		1428AB1328CC1DB9005AE6E6 /* Debug */ = {
			isa = XCBuildConfiguration;
			buildSettings = {
				ASSETCATALOG_COMPILER_APPICON_NAME = AppIcon;
				ASSETCATALOG_COMPILER_GLOBAL_ACCENT_COLOR_NAME = AccentColor;
				CODE_SIGN_STYLE = Automatic;
				CURRENT_PROJECT_VERSION = 1;
				GENERATE_INFOPLIST_FILE = YES;
				INFOPLIST_FILE = JokenpoApp/Info.plist;
				INFOPLIST_KEY_UIApplicationSupportsIndirectInputEvents = YES;
				INFOPLIST_KEY_UILaunchStoryboardName = LaunchScreen;
				INFOPLIST_KEY_UISupportedInterfaceOrientations_iPad = "UIInterfaceOrientationPortrait UIInterfaceOrientationPortraitUpsideDown UIInterfaceOrientationLandscapeLeft UIInterfaceOrientationLandscapeRight";
				INFOPLIST_KEY_UISupportedInterfaceOrientations_iPhone = "UIInterfaceOrientationPortrait UIInterfaceOrientationLandscapeLeft UIInterfaceOrientationLandscapeRight";
				LD_RUNPATH_SEARCH_PATHS = (
					"$(inherited)",
					"@executable_path/Frameworks",
				);
				MARKETING_VERSION = 1.0;
				PRODUCT_BUNDLE_IDENTIFIER = "-Sys.JokenpoApp";
				PRODUCT_NAME = "$(TARGET_NAME)";
				SWIFT_EMIT_LOC_STRINGS = YES;
				SWIFT_VERSION = 5.0;
				TARGETED_DEVICE_FAMILY = "1,2";
			};
			name = Debug;
		};
		1428AB1428CC1DB9005AE6E6 /* Release */ = {
			isa = XCBuildConfiguration;
			buildSettings = {
				ASSETCATALOG_COMPILER_APPICON_NAME = AppIcon;
				ASSETCATALOG_COMPILER_GLOBAL_ACCENT_COLOR_NAME = AccentColor;
				CODE_SIGN_STYLE = Automatic;
				CURRENT_PROJECT_VERSION = 1;
				GENERATE_INFOPLIST_FILE = YES;
				INFOPLIST_FILE = JokenpoApp/Info.plist;
				INFOPLIST_KEY_UIApplicationSupportsIndirectInputEvents = YES;
				INFOPLIST_KEY_UILaunchStoryboardName = LaunchScreen;
				INFOPLIST_KEY_UISupportedInterfaceOrientations_iPad = "UIInterfaceOrientationPortrait UIInterfaceOrientationPortraitUpsideDown UIInterfaceOrientationLandscapeLeft UIInterfaceOrientationLandscapeRight";
				INFOPLIST_KEY_UISupportedInterfaceOrientations_iPhone = "UIInterfaceOrientationPortrait UIInterfaceOrientationLandscapeLeft UIInterfaceOrientationLandscapeRight";
				LD_RUNPATH_SEARCH_PATHS = (
					"$(inherited)",
					"@executable_path/Frameworks",
				);
				MARKETING_VERSION = 1.0;
				PRODUCT_BUNDLE_IDENTIFIER = "-Sys.JokenpoApp";
				PRODUCT_NAME = "$(TARGET_NAME)";
				SWIFT_EMIT_LOC_STRINGS = YES;
				SWIFT_VERSION = 5.0;
				TARGETED_DEVICE_FAMILY = "1,2";
			};
			name = Release;
		};
/* End XCBuildConfiguration section */

/* Begin XCConfigurationList section */
		1428AAF928CC1DB4005AE6E6 /* Build configuration list for PBXProject "JokenpoApp" */ = {
			isa = XCConfigurationList;
			buildConfigurations = (
				1428AB1028CC1DB9005AE6E6 /* Debug */,
				1428AB1128CC1DB9005AE6E6 /* Release */,
			);
			defaultConfigurationIsVisible = 0;
			defaultConfigurationName = Release;
		};
		1428AB1228CC1DB9005AE6E6 /* Build configuration list for PBXNativeTarget "JokenpoApp" */ = {
			isa = XCConfigurationList;
			buildConfigurations = (
				1428AB1328CC1DB9005AE6E6 /* Debug */,
				1428AB1428CC1DB9005AE6E6 /* Release */,
			);
			defaultConfigurationIsVisible = 0;
			defaultConfigurationName = Release;
		};
/* End XCConfigurationList section */
	};
	rootObject = 1428AAF628CC1DB4005AE6E6 /* Project object */;
}
